
Microsoft Visual Studio Solution File, Format Version 12.00
# Visual Studio 15
VisualStudioVersion = 15.0.33026.149
MinimumVisualStudioVersion = 10.0.40219.1
Project("{FAE04EC0-301F-11D3-BF4B-00C04F79EFBC}") = "4.Data Types", "4.Data Types\4.Data Types.csproj", "{B1561AC3-9EF7-47E2-8559-F646DD495F36}"
EndProject
Global
	GlobalSection(SolutionConfigurationPlatforms) = preSolution
		Debug|Any CPU = Debug|Any CPU
		Release|Any CPU = Release|Any CPU
	EndGlobalSection
	GlobalSection(ProjectConfigurationPlatforms) = postSolution
		{B1561AC3-9EF7-47E2-8559-F646DD495F36}.Debug|Any CPU.ActiveCfg = Debug|Any CPU
		{B1561AC3-9EF7-47E2-8559-F646DD495F36}.Debug|Any CPU.Build.0 = Debug|Any CPU
		{B1561AC3-9EF7-47E2-8559-F646DD495F36}.Release|Any CPU.ActiveCfg = Release|Any CPU
		{B1561AC3-9EF7-47E2-8559-F646DD495F36}.Release|Any CPU.Build.0 = Release|Any CPU
	EndGlobalSection
	GlobalSection(SolutionProperties) = preSolution
		HideSolutionNode = FALSE
	EndGlobalSection
	GlobalSection(ExtensibilityGlobals) = postSolution
		SolutionGuid = {32CE78C7-87ED-4FA8-BBBC-19A5818CABD8}
	EndGlobalSection
EndGlobal
